<?xml version="1.0" encoding="utf-8"?>
<Project ToolsVersion="4.0" xmlns="http://schemas.microsoft.com/developer/msbuild/2003">
  <ItemGroup>
    <ClCompile Include="TileableVolumeNoise.cpp" />
    <ClCompile Include="libtarga.c" />
    <ClCompile Include="main.cpp" />
  </ItemGroup>
  <ItemGroup>
    <ClInclude Include="TileableVolumeNoise.h" />
    <ClInclude Include="libtarga.h" />
    <ClInclude Include="glm\common.hpp">
      <Filter>GLM</Filter>
    </ClInclude>
    <ClInclude Include="glm\exponential.hpp">
      <Filter>GLM</Filter>
    </ClInclude>
    <ClInclude Include="glm\ext.hpp">
      <Filter>GLM</Filter>
    </ClInclude>
    <ClInclude Include="glm\fwd.hpp">
      <Filter>GLM</Filter>
    </ClInclude>
    <ClInclude Include="glm\geometric.hpp">
      <Filter>GLM</Filter>
    </ClInclude>
    <ClInclude Include="glm\glm.hpp">
      <Filter>GLM</Filter>
    </ClInclude>
    <ClInclude Include="glm\integer.hpp">
      <Filter>GLM</Filter>
    </ClInclude>
    <ClInclude Include="glm\mat2x2.hpp">
      <Filter>GLM</Filter>
    </ClInclude>
    <ClInclude Include="glm\mat2x3.hpp">
      <Filter>GLM</Filter>
    </ClInclude>
    <ClInclude Include="glm\mat2x4.hpp">
      <Filter>GLM</Filter>
    </ClInclude>
    <ClInclude Include="glm\mat3x2.hpp">
      <Filter>GLM</Filter>
    </ClInclude>
    <ClInclude Include="glm\mat3x3.hpp">
      <Filter>GLM</Filter>
    </ClInclude>
    <ClInclude Include="glm\mat3x4.hpp">
      <Filter>GLM</Filter>
    </ClInclude>
    <ClInclude Include="glm\mat4x2.hpp">
      <Filter>GLM</Filter>
    </ClInclude>
    <ClInclude Include="glm\mat4x3.hpp">
      <Filter>GLM</Filter>
    </ClInclude>
    <ClInclude Include="glm\mat4x4.hpp">
      <Filter>GLM</Filter>
    </ClInclude>
    <ClInclude Include="glm\matrix.hpp">
      <Filter>GLM</Filter>
    </ClInclude>
    <ClInclude Include="glm\packing.hpp">
      <Filter>GLM</Filter>
    </ClInclude>
    <ClInclude Include="glm\trigonometric.hpp">
      <Filter>GLM</Filter>
    </ClInclude>
    <ClInclude Include="glm\vec2.hpp">
      <Filter>GLM</Filter>
    </ClInclude>
    <ClInclude Include="glm\vec3.hpp">
      <Filter>GLM</Filter>
    </ClInclude>
    <ClInclude Include="glm\vec4.hpp">
      <Filter>GLM</Filter>
    </ClInclude>
    <ClInclude Include="glm\vector_relational.hpp">
      <Filter>GLM</Filter>
    </ClInclude>
  </ItemGroup>
  <ItemGroup>
    <Filter Include="GLM">
      <UniqueIdentifier>{b66f0d9e-5d5a-4aba-ab20-b04bb12a02b1}</UniqueIdentifier>
    </Filter>
  </ItemGroup>
</Project>